<?xml version="1.0" encoding="utf-8"?>
<Project ToolsVersion="4.0" xmlns="http://schemas.microsoft.com/developer/msbuild/2003">
  <ItemGroup>
    <Filter Include="Source Files">
      <UniqueIdentifier>{4FC737F1-C7A5-4376-A066-2A32D752A2FF}</UniqueIdentifier>
      <Extensions>cpp;c;cc;cxx;def;odl;idl;hpj;bat;asm;asmx</Extensions>
    </Filter>
    <Filter Include="Header Files">
      <UniqueIdentifier>{93995380-89BD-4b04-88EB-625FBE52EBFB}</UniqueIdentifier>
      <Extensions>h;hh;hpp;hxx;hm;inl;inc;ipp;xsd</Extensions>
    </Filter>
    <Filter Include="Resource Files">
      <UniqueIdentifier>{67DA6AB6-F800-4c08-8B7A-83BB121AAD01}</UniqueIdentifier>
      <Extensions>rc;ico;cur;bmp;dlg;rc2;rct;bin;rgs;gif;jpg;jpeg;jpe;resx;tiff;tif;png;wav;mfcribbon-ms</Extensions>
    </Filter>
  </ItemGroup>
  <ItemGroup>
    <ClCompile Include="main.cpp">
      <Filter>Source Files</Filter>
    </ClCompile>
    <ClCompile Include="gladWrapper.cpp">
      <Filter>Source Files</Filter>
    </ClCompile>
    <ClCompile Include="imgui_widgets.cpp">
      <Filter>Source Files</Filter>
    </ClCompile>
    <ClCompile Include="imgui_draw.cpp">
      <Filter>Source Files</Filter>
    </ClCompile>
    <ClCompile Include="imgui_impl_glfw.cpp">
      <Filter>Source Files</Filter>
    </ClCompile>
    <ClCompile Include="imgui_impl_opengl3.cpp">
      <Filter>Source Files</Filter>
    </ClCompile>
    <ClCompile Include="imgui_stdlib.cpp">
      <Filter>Source Files</Filter>
    </ClCompile>
    <ClCompile Include="imgui.cpp">
      <Filter>Source Files</Filter>
    </ClCompile>
    <ClCompile Include="imgui_demo.cpp">
      <Filter>Source Files</Filter>
    </ClCompile>
    <ClCompile Include="EditorCode\Editor.cpp">
      <Filter>Source Files</Filter>
    </ClCompile>
  </ItemGroup>
  <ItemGroup>
    <ClInclude Include="MCDPProject\MCFunction.h">
      <Filter>Header Files</Filter>
    </ClInclude>
    <ClInclude Include="Exceptions\NoNamespacesException.h">
      <Filter>Header Files</Filter>
    </ClInclude>
    <ClInclude Include="MCDPProject\MCCommand.h">
      <Filter>Header Files</Filter>
    </ClInclude>
    <ClInclude Include="MCDPProject\MCJsonText.h">
      <Filter>Header Files</Filter>
    </ClInclude>
    <ClInclude Include="MCDPProject\MCScoreboard.h">
      <Filter>Header Files</Filter>
    </ClInclude>
    <ClInclude Include="MCDPProject\MCDatapackProject.hpp">
      <Filter>Header Files</Filter>
    </ClInclude>
    <ClInclude Include="MCDPProject\MCPosition.h">
      <Filter>Header Files</Filter>
    </ClInclude>
    <ClInclude Include="MCDPProject\MCSelectorType.h">
      <Filter>Header Files</Filter>
    </ClInclude>
    <ClInclude Include="EditorCode\Editor.hpp">
      <Filter>Header Files</Filter>
    </ClInclude>
    <ClInclude Include="EditorCode\Windows\NewProjectWindow.h">
      <Filter>Header Files</Filter>
    </ClInclude>
    <ClInclude Include="EditorCode\Dockspace.h">
      <Filter>Header Files</Filter>
    </ClInclude>
    <ClInclude Include="EditorCode\DockspaceMenu.h">
      <Filter>Header Files</Filter>
    </ClInclude>
    <ClInclude Include="EditorCode\Windows\NewNamespaceWindow.h">
      <Filter>Header Files</Filter>
    </ClInclude>
    <ClInclude Include="Exceptions\NotImplementedException.h">
      <Filter>Header Files</Filter>
    </ClInclude>
    <ClInclude Include="EditorCode\Windows\OpenProjectWindow.h">
      <Filter>Header Files</Filter>
    </ClInclude>
    <ClInclude Include="MCDPProject\MCBlock.h">
      <Filter>Header Files</Filter>
    </ClInclude>
    <ClInclude Include="EditorCode\Windows\NewMCFunctionWindow.h">
      <Filter>Header Files</Filter>
    </ClInclude>
    <ClInclude Include="EditorCode\Windows\CurrentMCFunctionWindow.h">
      <Filter>Header Files</Filter>
    </ClInclude>
    <ClInclude Include="EditorCode\Windows\ShowWindowBools.h">
      <Filter>Header Files</Filter>
    </ClInclude>
    <ClInclude Include="EditorCode\Windows\CurrentProjectExplorer.h">
      <Filter>Header Files</Filter>
    </ClInclude>
    <ClInclude Include="EditorCode\Windows\Builders\Window_Modal.h">
      <Filter>Header Files</Filter>
    </ClInclude>
    <ClInclude Include="EditorCode\Windows\Builders\Window_NoDock.h">
      <Filter>Header Files</Filter>
    </ClInclude>
    <ClInclude Include="EditorCode\Windows\Builders\WindowElements.h">
      <Filter>Header Files</Filter>
    </ClInclude>
    <ClInclude Include="EditorCode\Windows\Builders\Window_Dockable.h">
      <Filter>Header Files</Filter>
    </ClInclude>
    <ClInclude Include="EditorCode\Windows\EditorWindow.h">
      <Filter>Header Files</Filter>
    </ClInclude>
    <ClInclude Include="EditorCode\WindowStack.h">
      <Filter>Header Files</Filter>
    </ClInclude>
  </ItemGroup>
</Project>